{
  "lockfileVersion": 2,
  "configVersion": 1,
  "workspaces": {
    "": {
      "name": "rabe",
      "devDependencies": {
        "@anthropic-ai/claude-code": "2.1.296",
        "@biomejs/biome": "2.2.4",
        "typescript": "5.9.3",
      },
    },
  },
  "packages": {
    "@anthropic-ai/claude-code": ["@anthropic-ai/claude-code@2.1.296", "", { "optionalDependencies": { "@anthropic-ai/claude-code-darwin-arm64": "2.1.296", "@anthropic-ai/claude-code-darwin-x64": "2.1.296", "@anthropic-ai/claude-code-linux-arm64": "2.1.296", "@anthropic-ai/claude-code-linux-arm64-musl": "2.1.296", "@anthropic-ai/claude-code-linux-x64": "2.1.296", "@anthropic-ai/claude-code-linux-x64-musl": "2.1.296", "@anthropic-ai/claude-code-win32-arm64": "2.1.296", "@anthropic-ai/claude-code-win32-x64": "2.1.296" }, "bin": { "claude": "bin/claude.exe" } }, "sha512-OX/k/rpcthMqnFKOWcpNcbiLsMKtAjLOpQNJHlYiDCFUznWCIwdRTyl/p9SdHVrsrzZuPMCNqZjnpakIni6upw=="],

    "@anthropic-ai/claude-code-darwin-arm64": ["@anthropic-ai/claude-code-darwin-arm64@2.1.296", "", { "os": "darwin", "cpu": "arm64" }, "sha512-vqtx3kS3r1hNLMk+N8JMG5J4kcLHIbI3t/NSIdcFQZrRVCFA6NtcxJyn/B+Sf3GxJaFJOCEfoBQXsFo10+Oj9A=="],

    "@anthropic-ai/claude-code-darwin-x64": ["@anthropic-ai/claude-code-darwin-x64@2.1.296", "", { "os": "darwin", "cpu": "x64" }, "sha512-yCJe1vp7juHg3xVyk0Ts8b+mcEylCo6aINg7yC7r1eI8BKfm1DT15htxl1riz3y+B1FV25emIK90d7rH+zFjLA=="],

    "@anthropic-ai/claude-code-linux-arm64": ["@anthropic-ai/claude-code-linux-arm64@2.1.296", "", { "os": "linux", "cpu": "arm64" }, "sha512-Q6Qh6qFmwuBG9rQFiDR6bY3XkFnwTN9AAPrnnDgBvr9sbg1Ql5wrf0lfoCDiV369EUHOzxI4i5OdHW9Vf2/oeA=="],

    "@anthropic-ai/claude-code-linux-arm64-musl": ["@anthropic-ai/claude-code-linux-arm64-musl@2.1.296", "", { "os": "linux", "cpu": "arm64" }, "sha512-c6lZRVkvuHIHgo4SzF2yQp+RWwPDLLLjXuM6SNtJkR8EGcOR5FhLK7cmsrjDcC/t5ACP4N4pCRfRDzjC31cYQA=="],

    "@anthropic-ai/claude-code-linux-x64": ["@anthropic-ai/claude-code-linux-x64@2.1.296", "", { "os": "linux", "cpu": "x64" }, "sha512-+m01urgelnI+VJxPaKPEK0wixgq42uZ8PeCaUk5tX/8YoDBvSmC/REVQG2jQfJAr8dxunpjJ600FvLrcj1WWTw=="],

    "@anthropic-ai/claude-code-linux-x64-musl": ["@anthropic-ai/claude-code-linux-x64-musl@2.1.296", "", { "os": "linux", "cpu": "x64" }, "sha512-mbFZ0QENsyWzmDo2eWc8MxGCAWFXc2w1v2rLavu0JYd2pY7+0S8pJSB6RV9mzJ10FVXT09bXWt0sHM6fgeAz5w=="],

    "@anthropic-ai/claude-code-win32-arm64": ["@anthropic-ai/claude-code-win32-arm64@2.1.296", "", { "os": "win32", "cpu": "arm64" }, "sha512-m/PZ8nO0Fi6FB7DpTFeHVln1useFjEEDXF1wVylxl34+Kf78s2KJVCNKozF/b/MO6jjVkewFQl+1hW5xZkaV7A=="],

    "@anthropic-ai/claude-code-win32-x64": ["@anthropic-ai/claude-code-win32-x64@2.1.296", "", { "os": "win32", "cpu": "x64" }, "sha512-g2aYBzYM5YTDio0ulAoGIGgtGRMa08WAecer4wuOUrKPwVPRfyRdmoZI01BNS8jF9yupDmQycBMuBcVui/VGNw=="],

    "@biomejs/biome": ["@biomejs/biome@2.2.4", "", { "optionalDependencies": { "@biomejs/cli-darwin-arm64": "2.2.4", "@biomejs/cli-darwin-x64": "2.2.4", "@biomejs/cli-linux-arm64": "2.2.4", "@biomejs/cli-linux-arm64-musl": "2.2.4", "@biomejs/cli-linux-x64": "2.2.4", "@biomejs/cli-linux-x64-musl": "2.2.4", "@biomejs/cli-win32-arm64": "2.2.4", "@biomejs/cli-win32-x64": "2.2.4" }, "bin": { "biome": "bin/biome" } }, "sha512-TBHU5bUy/Ok6m8c0y3pZiuO/BZoY/OcGxoLlrfQof5s8ISVwbVBdFINPQZyFfKwil8XibYWb7JMwnT8wT4WVPg=="],

    "@biomejs/cli-darwin-arm64": ["@biomejs/cli-darwin-arm64@2.2.4", "", { "os": "darwin", "cpu": "arm64" }, "sha512-RJe2uiyaloN4hne4d2+qVj3d3gFJFbmrr5PYtkkjei1O9c+BjGXgpUPVbi8Pl8syumhzJjFsSIYkcLt2VlVLMA=="],

    "@biomejs/cli-darwin-x64": ["@biomejs/cli-darwin-x64@2.2.4", "", { "os": "darwin", "cpu": "x64" }, "sha512-cFsdB4ePanVWfTnPVaUX+yr8qV8ifxjBKMkZwN7gKb20qXPxd/PmwqUH8mY5wnM9+U0QwM76CxFyBRJhC9tQwg=="],

    "@biomejs/cli-linux-arm64": ["@biomejs/cli-linux-arm64@2.2.4", "", { "os": "linux", "cpu": "arm64" }, "sha512-M/Iz48p4NAzMXOuH+tsn5BvG/Jb07KOMTdSVwJpicmhN309BeEyRyQX+n1XDF0JVSlu28+hiTQ2L4rZPvu7nMw=="],

    "@biomejs/cli-linux-arm64-musl": ["@biomejs/cli-linux-arm64-musl@2.2.4", "", { "os": "linux", "cpu": "arm64" }, "sha512-7TNPkMQEWfjvJDaZRSkDCPT/2r5ESFPKx+TEev+I2BXDGIjfCZk2+b88FOhnJNHtksbOZv8ZWnxrA5gyTYhSsQ=="],

    "@biomejs/cli-linux-x64": ["@biomejs/cli-linux-x64@2.2.4", "", { "os": "linux", "cpu": "x64" }, "sha512-orr3nnf2Dpb2ssl6aihQtvcKtLySLta4E2UcXdp7+RTa7mfJjBgIsbS0B9GC8gVu0hjOu021aU8b3/I1tn+pVQ=="],

    "@biomejs/cli-linux-x64-musl": ["@biomejs/cli-linux-x64-musl@2.2.4", "", { "os": "linux", "cpu": "x64" }, "sha512-m41nFDS0ksXK2gwXL6W6yZTYPMH0LughqbsxInSKetoH6morVj43szqKx79Iudkp8WRT5SxSh7qVb8KCUiewGg=="],

    "@biomejs/cli-win32-arm64": ["@biomejs/cli-win32-arm64@2.2.4", "", { "os": "win32", "cpu": "arm64" }, "sha512-NXnfTeKHDFUWfxAefa57DiGmu9VyKi0cDqFpdI+1hJWQjGJhJutHPX0b5m+eXvTKOaf+brU+P0JrQAZMb5yYaQ=="],

    "@biomejs/cli-win32-x64": ["@biomejs/cli-win32-x64@2.2.4", "", { "os": "win32", "cpu": "x64" }, "sha512-3Y4V4zVRarVh/B/eSHczR4LYoSVyv3Dfuvm3cWs5w/HScccS0+Wt/lHOcDTRYeHjQmMYVC3rIRWqyN2EI52+zg=="],

    "typescript": ["typescript@5.9.3", "", { "bin": { "tsc": "bin/tsc", "tsserver": "bin/tsserver" } }, "sha512-jl1vZzPDinLr9eUt3J/t7V6FgNEw9QjvBPdysz9KfQDD41fQrC2Y4vKQdiaUpFT4bXlb1RHhLpp8wtm6M5TgSw=="],
  }
}
