{
  "lockfileVersion": 2,
  "configVersion": 1,
  "workspaces": {
    "": {
      "name": "rabe",
      "devDependencies": {
        "@anthropic-ai/claude-code": "2.1.295",
        "@biomejs/biome": "2.2.4",
        "typescript": "5.9.3",
      },
    },
  },
  "packages": {
    "@anthropic-ai/claude-code": ["@anthropic-ai/claude-code@2.1.295", "", { "optionalDependencies": { "@anthropic-ai/claude-code-darwin-arm64": "2.1.295", "@anthropic-ai/claude-code-darwin-x64": "2.1.295", "@anthropic-ai/claude-code-linux-arm64": "2.1.295", "@anthropic-ai/claude-code-linux-arm64-musl": "2.1.295", "@anthropic-ai/claude-code-linux-x64": "2.1.295", "@anthropic-ai/claude-code-linux-x64-musl": "2.1.295", "@anthropic-ai/claude-code-win32-arm64": "2.1.295", "@anthropic-ai/claude-code-win32-x64": "2.1.295" }, "bin": { "claude": "bin/claude.exe" } }, "sha512-PTdE5NdqwwyCmtbX/0WAuosyip8DkwC6M5mAJv+b9KGuxMFnkTJbc2b3EY6FYdo5ZTWkm6MN8reA9YWWMrLR+g=="],

    "@anthropic-ai/claude-code-darwin-arm64": ["@anthropic-ai/claude-code-darwin-arm64@2.1.295", "", { "os": "darwin", "cpu": "arm64" }, "sha512-qGetxxeqaqHR7Ev5AfTFfYuze0S99d27DV2IuFfjXigY9CKkLUy2jf3cCXjt8y4BAlGyNrqwKmIdrCjwtjAe8g=="],

    "@anthropic-ai/claude-code-darwin-x64": ["@anthropic-ai/claude-code-darwin-x64@2.1.295", "", { "os": "darwin", "cpu": "x64" }, "sha512-tmxIaD+X7GRatzp6yrgB3Gwg9zRmBdZOMf1imwLrISco2eiCBQbillVg5t//xO3F6tpRx/wsYXq/6CmeZx3HgQ=="],

    "@anthropic-ai/claude-code-linux-arm64": ["@anthropic-ai/claude-code-linux-arm64@2.1.295", "", { "os": "linux", "cpu": "arm64" }, "sha512-JgQigCZCbsTnJQMLBjzeIpx001jlw+QlSR08SsAW7p0hjUR73DczX4NpO2lq/+RPm8w48KhM8DxJqhUmAMV5+Q=="],

    "@anthropic-ai/claude-code-linux-arm64-musl": ["@anthropic-ai/claude-code-linux-arm64-musl@2.1.295", "", { "os": "linux", "cpu": "arm64" }, "sha512-ao8kyoHS+XXIu6QieUthb5VilbkEtbCBEzbam97fWF/67vzZrogJX/RiJMhLZbrKX9L5avo7sh+eK6k85BDPlA=="],

    "@anthropic-ai/claude-code-linux-x64": ["@anthropic-ai/claude-code-linux-x64@2.1.295", "", { "os": "linux", "cpu": "x64" }, "sha512-nC9RZ6ZArEavyAiFdEtGK6/XPhjfE79tP2tCh+PjmRUxSO/6W3IuXv/rmo8c6u2UzHyvgKodRj1z6UcBGlbnyA=="],

    "@anthropic-ai/claude-code-linux-x64-musl": ["@anthropic-ai/claude-code-linux-x64-musl@2.1.295", "", { "os": "linux", "cpu": "x64" }, "sha512-S/cMn4k8uzumMYMPATbx0i14ooSi8cLFr/WMyfFKQc8H/FRMhaZ4rWCmBJnttWP2s93YiU5KsAifYf3324DtFg=="],

    "@anthropic-ai/claude-code-win32-arm64": ["@anthropic-ai/claude-code-win32-arm64@2.1.295", "", { "os": "win32", "cpu": "arm64" }, "sha512-DOc5gff2KqGH+VPqs7J7D7iurRI0/V2OX8aIZN33bS0lOgU5IuYmWjEDoD9yFQRlOC2ebuD9ks00cYU+yI6/xQ=="],

    "@anthropic-ai/claude-code-win32-x64": ["@anthropic-ai/claude-code-win32-x64@2.1.295", "", { "os": "win32", "cpu": "x64" }, "sha512-absbtyFKyhebVBSilCIj/JXVERLjXDAo4ID3nVRwNb52HCXfjd+g+b1THrq6NCNXCVcrpC+skkNfBqqy0N726A=="],

    "@biomejs/biome": ["@biomejs/biome@2.2.4", "", { "optionalDependencies": { "@biomejs/cli-darwin-arm64": "2.2.4", "@biomejs/cli-darwin-x64": "2.2.4", "@biomejs/cli-linux-arm64": "2.2.4", "@biomejs/cli-linux-arm64-musl": "2.2.4", "@biomejs/cli-linux-x64": "2.2.4", "@biomejs/cli-linux-x64-musl": "2.2.4", "@biomejs/cli-win32-arm64": "2.2.4", "@biomejs/cli-win32-x64": "2.2.4" }, "bin": { "biome": "bin/biome" } }, "sha512-TBHU5bUy/Ok6m8c0y3pZiuO/BZoY/OcGxoLlrfQof5s8ISVwbVBdFINPQZyFfKwil8XibYWb7JMwnT8wT4WVPg=="],

    "@biomejs/cli-darwin-arm64": ["@biomejs/cli-darwin-arm64@2.2.4", "", { "os": "darwin", "cpu": "arm64" }, "sha512-RJe2uiyaloN4hne4d2+qVj3d3gFJFbmrr5PYtkkjei1O9c+BjGXgpUPVbi8Pl8syumhzJjFsSIYkcLt2VlVLMA=="],

    "@biomejs/cli-darwin-x64": ["@biomejs/cli-darwin-x64@2.2.4", "", { "os": "darwin", "cpu": "x64" }, "sha512-cFsdB4ePanVWfTnPVaUX+yr8qV8ifxjBKMkZwN7gKb20qXPxd/PmwqUH8mY5wnM9+U0QwM76CxFyBRJhC9tQwg=="],

    "@biomejs/cli-linux-arm64": ["@biomejs/cli-linux-arm64@2.2.4", "", { "os": "linux", "cpu": "arm64" }, "sha512-M/Iz48p4NAzMXOuH+tsn5BvG/Jb07KOMTdSVwJpicmhN309BeEyRyQX+n1XDF0JVSlu28+hiTQ2L4rZPvu7nMw=="],

    "@biomejs/cli-linux-arm64-musl": ["@biomejs/cli-linux-arm64-musl@2.2.4", "", { "os": "linux", "cpu": "arm64" }, "sha512-7TNPkMQEWfjvJDaZRSkDCPT/2r5ESFPKx+TEev+I2BXDGIjfCZk2+b88FOhnJNHtksbOZv8ZWnxrA5gyTYhSsQ=="],

    "@biomejs/cli-linux-x64": ["@biomejs/cli-linux-x64@2.2.4", "", { "os": "linux", "cpu": "x64" }, "sha512-orr3nnf2Dpb2ssl6aihQtvcKtLySLta4E2UcXdp7+RTa7mfJjBgIsbS0B9GC8gVu0hjOu021aU8b3/I1tn+pVQ=="],

    "@biomejs/cli-linux-x64-musl": ["@biomejs/cli-linux-x64-musl@2.2.4", "", { "os": "linux", "cpu": "x64" }, "sha512-m41nFDS0ksXK2gwXL6W6yZTYPMH0LughqbsxInSKetoH6morVj43szqKx79Iudkp8WRT5SxSh7qVb8KCUiewGg=="],

    "@biomejs/cli-win32-arm64": ["@biomejs/cli-win32-arm64@2.2.4", "", { "os": "win32", "cpu": "arm64" }, "sha512-NXnfTeKHDFUWfxAefa57DiGmu9VyKi0cDqFpdI+1hJWQjGJhJutHPX0b5m+eXvTKOaf+brU+P0JrQAZMb5yYaQ=="],

    "@biomejs/cli-win32-x64": ["@biomejs/cli-win32-x64@2.2.4", "", { "os": "win32", "cpu": "x64" }, "sha512-3Y4V4zVRarVh/B/eSHczR4LYoSVyv3Dfuvm3cWs5w/HScccS0+Wt/lHOcDTRYeHjQmMYVC3rIRWqyN2EI52+zg=="],

    "typescript": ["typescript@5.9.3", "", { "bin": { "tsc": "bin/tsc", "tsserver": "bin/tsserver" } }, "sha512-jl1vZzPDinLr9eUt3J/t7V6FgNEw9QjvBPdysz9KfQDD41fQrC2Y4vKQdiaUpFT4bXlb1RHhLpp8wtm6M5TgSw=="],
  }
}
